
Microsoft Visual Studio Solution File, Format Version 12.00
# Visual Studio Version 16
VisualStudioVersion = 16.0.30413.136
MinimumVisualStudioVersion = 10.0.40219.1
Project("{FAE04EC0-301F-11D3-BF4B-00C04F79EFBC}") = "RefactoringTime", "RefactoringTime\RefactoringTime.csproj", "{C00F779D-6EAA-4647-9DA6-E3506CFA361F}"
EndProject
Global
	GlobalSection(SolutionConfigurationPlatforms) = preSolution
		Debug|Any CPU = Debug|Any CPU
		Release|Any CPU = Release|Any CPU
	EndGlobalSection
	GlobalSection(ProjectConfigurationPlatforms) = postSolution
		{C00F779D-6EAA-4647-9DA6-E3506CFA361F}.Debug|Any CPU.ActiveCfg = Debug|Any CPU
		{C00F779D-6EAA-4647-9DA6-E3506CFA361F}.Debug|Any CPU.Build.0 = Debug|Any CPU
		{C00F779D-6EAA-4647-9DA6-E3506CFA361F}.Release|Any CPU.ActiveCfg = Release|Any CPU
		{C00F779D-6EAA-4647-9DA6-E3506CFA361F}.Release|Any CPU.Build.0 = Release|Any CPU
	EndGlobalSection
	GlobalSection(SolutionProperties) = preSolution
		HideSolutionNode = FALSE
	EndGlobalSection
	GlobalSection(ExtensibilityGlobals) = postSolution
		SolutionGuid = {0000FAC5-1617-4DF5-898F-30D65EC5C23A}
	EndGlobalSection
EndGlobal
